
Microsoft Visual Studio Solution File, Format Version 12.00
# Visual Studio Version 17
VisualStudioVersion = 17.12.35707.178 d17.12
MinimumVisualStudioVersion = 10.0.40219.1
Project("{FAE04EC0-301F-11D3-BF4B-00C04F79EFBC}") = "Project14", "Project14.csproj", "{0F70A393-0C1F-4B84-B118-0CC615A7CCEC}"
EndProject
Global
	GlobalSection(SolutionConfigurationPlatforms) = preSolution
		Debug|Any CPU = Debug|Any CPU
		Release|Any CPU = Release|Any CPU
	EndGlobalSection
	GlobalSection(ProjectConfigurationPlatforms) = postSolution
		{0F70A393-0C1F-4B84-B118-0CC615A7CCEC}.Debug|Any CPU.ActiveCfg = Debug|Any CPU
		{0F70A393-0C1F-4B84-B118-0CC615A7CCEC}.Debug|Any CPU.Build.0 = Debug|Any CPU
		{0F70A393-0C1F-4B84-B118-0CC615A7CCEC}.Release|Any CPU.ActiveCfg = Release|Any CPU
		{0F70A393-0C1F-4B84-B118-0CC615A7CCEC}.Release|Any CPU.Build.0 = Release|Any CPU
	EndGlobalSection
	GlobalSection(SolutionProperties) = preSolution
		HideSolutionNode = FALSE
	EndGlobalSection
EndGlobal
